# THIS IS AN AUTOGENERATED FILE. DO NOT EDIT THIS FILE DIRECTLY.
# yarn lockfile v1


"@discordjs/builders@^0.10.0":
  version "0.10.0"
  resolved "https://registry.yarnpkg.com/@discordjs/builders/-/builders-0.10.0.tgz#5a5d0927c84564e48093761a1b4d385c7148e4c8"
  integrity sha512-fTB/f/4sPFhG5YWkVJPCC1WyIwUWPrgqyYn5nQtUwT77TUIhfus3VbI4OdIqht2Rneemmw8OjtAEBY3ENB0XWQ==
  dependencies:
    "@sindresorhus/is" "^4.2.0"
    discord-api-types "^0.25.2"
    ts-mixer "^6.0.0"
    tslib "^2.3.1"
    zod "^3.11.6"

"@discordjs/collection@^0.3.2":
  version "0.3.2"
  resolved "https://registry.yarnpkg.com/@discordjs/collection/-/collection-0.3.2.tgz#3c271dd8a93dad89b186d330e24dbceaab58424a"
  integrity sha512-dMjLl60b2DMqObbH1MQZKePgWhsNe49XkKBZ0W5Acl5uVV43SN414i2QfZwRI7dXAqIn8pEWD2+XXQFn9KWxqg==

"@discordjs/collection@^0.4.0":
  version "0.4.0"
  resolved "https://registry.yarnpkg.com/@discordjs/collection/-/collection-0.4.0.tgz#b6488286a1cc7b41b644d7e6086f25a1c1e6f837"
  integrity sha512-zmjq+l/rV35kE6zRrwe8BHqV78JvIh2ybJeZavBi5NySjWXqN3hmmAKg7kYMMXSeiWtSsMoZ/+MQi0DiQWy2lw==

"@sapphire/async-queue@^1.1.9":
  version "1.1.9"
  resolved "https://registry.yarnpkg.com/@sapphire/async-queue/-/async-queue-1.1.9.tgz#ce69611c8753c4affd905a7ef43061c7eb95c01b"
  integrity sha512-CbXaGwwlEMq+l1TRu01FJCvySJ1CEFKFclHT48nIfNeZXaAAmmwwy7scUKmYHPUa3GhoMp6Qr1B3eAJux6XgOQ==

"@sapphire/decorators@^3.1.5-next.eda0122.0":
  version "3.1.5-next.eda0122.0"
  resolved "https://registry.yarnpkg.com/@sapphire/decorators/-/decorators-3.1.5-next.eda0122.0.tgz#39010b7609510baf1f697e002ba43c9c0b6c6e2d"
  integrity sha512-j2eOAk99ka4tm43RjJRSCjQRhofTY4qz4Yhrdj/zrfME34cNf8xiXcuPtlKYHxTqum8HhlpI9Z/kRgVS6aiJcg==
  dependencies:
    tslib "^2.3.1"

"@sapphire/discord-utilities@^2.4.0":
  version "2.4.0"
  resolved "https://registry.yarnpkg.com/@sapphire/discord-utilities/-/discord-utilities-2.4.0.tgz#29d06e007b567d6a8b6ef3e1424440454bf7b723"
  integrity sha512-HptHC/lH0l8oKNlVBDhRZLsPcQfizowlpzbuYMaMiyiRx4EFLGV9S8yqAIdv6XPOt0fXe6lDpE+kJAhzlGyIow==
  dependencies:
    twemoji-parser "^13.1.0"

"@sapphire/discord.js-utilities@^4.1.5":
  version "4.1.5"
  resolved "https://registry.yarnpkg.com/@sapphire/discord.js-utilities/-/discord.js-utilities-4.1.5.tgz#a25c4ecc1351da7daed8a52d8f519237d4a90688"
  integrity sha512-172CG8Vd15T1WJXEm4BmtCbiLOclFeqUtwMNXwK+0CWmWfpIVimEm2PKTB31mR+BJ8lNWak3DgKiikzMfCxyCg==
  dependencies:
    "@sapphire/discord-utilities" "^2.4.0"
    "@sapphire/time-utilities" "^1.5.0"
    "@sapphire/utilities" "^3.1.0"
    tslib "^2.3.1"

"@sapphire/framework@^2.2.3-next.ab7c5b1.0":
  version "2.2.3-next.ab7c5b1.0"
  resolved "https://registry.yarnpkg.com/@sapphire/framework/-/framework-2.2.3-next.ab7c5b1.0.tgz#af4cfde0cae69a003fb7f132ba45ba470b9de63a"
  integrity sha512-52Z+C/JMgD2x+ZYhkc6oe19omLu6lRhn8XHwQ9ozr/JDjXc+PRMDk37a/piEGiQ1zUaeJ1iBGQgx6x8pfk+aBA==
  dependencies:
    "@sapphire/discord-utilities" "^2.4.0"
    "@sapphire/discord.js-utilities" "^4.1.5"
    "@sapphire/pieces" "^3.2.0"
    "@sapphire/ratelimits" "^2.1.10"
    "@sapphire/utilities" "^3.1.0"
    lexure "^0.17.0"
    tslib "^2.3.1"

"@sapphire/pieces@^3.2.0":
  version "3.2.0"
  resolved "https://registry.yarnpkg.com/@sapphire/pieces/-/pieces-3.2.0.tgz#6ce871222d2686b95c12e04b62961897a29bf803"
  integrity sha512-7V7R2ouluY5XBEN73cjwMuKI8O4RsSSH8VY6xzYxbMKBA+LAGo0nPTMZ/XzEgHDopIrbcYKJMVZHpjKHWhniKA==
  dependencies:
    "@discordjs/collection" "^0.3.2"
    "@sapphire/utilities" "^3.1.0"
    tslib "^2.3.1"

"@sapphire/plugin-api@^3.1.2":
  version "3.1.2"
  resolved "https://registry.yarnpkg.com/@sapphire/plugin-api/-/plugin-api-3.1.2.tgz#7628a6650599d8bfc215c6b06f30218459742ca9"
  integrity sha512-AgBCSDcjdsUJQAhW+IhRP5mhfZRlQb703WjUlGurOUslAzefoO6FtWmX4yGPSMYj9tHglzKfIx1DetMaMjWNEw==
  dependencies:
    "@types/node-fetch" "2.5.12"
    "@types/psl" "^1.1.0"
    "@types/ws" "^8.2.2"
    node-fetch "2.6.6"
    psl "^1.8.0"
    tslib "^2.3.1"

"@sapphire/plugin-editable-commands@^1.1.3":
  version "1.1.3"
  resolved "https://registry.yarnpkg.com/@sapphire/plugin-editable-commands/-/plugin-editable-commands-1.1.3.tgz#4c0d5e1914c1f5d543f733fa996365b6f2658d6c"
  integrity sha512-CHNdU/zE9ugaPajygZ/vI8glp1jRKbEVumoWNMOUhzN7bsV3xyAxQa8f4nyDk2/WheKBPXGF/NRVcsDcuPqLPw==
  dependencies:
    "@skyra/editable-commands" "^2.1.2"
    tslib "^2.3.1"

"@sapphire/plugin-logger@^2.1.1":
  version "2.1.1"
  resolved "https://registry.yarnpkg.com/@sapphire/plugin-logger/-/plugin-logger-2.1.1.tgz#0dbb0dee203a97cc5cc6b2a1c33d1368a78e3735"
  integrity sha512-pTJmKijQOy+CRV72znuECsTqgNsBWngSU1s3VNBj6nwQzAJzeu6G04Q5A0UuB1SGwy7gJh9njfoOvupIgUEaLg==
  dependencies:
    "@sapphire/time-utilities" "^1.5.0"
    colorette "^2.0.16"
    tslib "^2.3.1"

"@sapphire/plugin-subcommands@^2.1.3":
  version "2.1.3"
  resolved "https://registry.yarnpkg.com/@sapphire/plugin-subcommands/-/plugin-subcommands-2.1.3.tgz#5a5ce94cbae7cd16aa5a2f5af44779dbc6e7cad1"
  integrity sha512-ILkx6YUloMoiyvJF8ETdknWLAcUte8R/5U+nb0DPmGqBON3ESLY2sjhO50+d8vKAF92jNvXA+SZPECy+rBAaTg==
  dependencies:
    tslib "^2.3.1"

"@sapphire/ratelimits@^2.1.10":
  version "2.1.10"
  resolved "https://registry.yarnpkg.com/@sapphire/ratelimits/-/ratelimits-2.1.10.tgz#cab31c3f73e1c3cddd89197d20af732b78f8b88a"
  integrity sha512-xcNRJPyvOMB/76IrZulNtJp38H4kDUE8ZzpTTkm9fAV2rut08zF5G74+rT8gDqfof9qUYRsgM+kmRru8TweiDA==
  dependencies:
    "@sapphire/time-utilities" "^1.5.0"

"@sapphire/time-utilities@^1.5.0":
  version "1.5.0"
  resolved "https://registry.yarnpkg.com/@sapphire/time-utilities/-/time-utilities-1.5.0.tgz#72b8e248a1902c7b392be850994aadf533c7e688"
  integrity sha512-D0k03sFafueJ/O9sIVJNfL9COYh9T0Ce/kzU8JWdZwUvvkVV9vv18/xP5LgRfiINunO22OxbCbC1vYLrshi7SA==
  dependencies:
    "@sapphire/utilities" "^3.1.0"

"@sapphire/ts-config@^3.1.6":
  version "3.1.6"
  resolved "https://registry.yarnpkg.com/@sapphire/ts-config/-/ts-config-3.1.6.tgz#9cd371f5eb17efaaf48fbf30abf7e7bd8b64c478"
  integrity sha512-I41AqJLRXcJDW3tqFs7l93iOaJZ3Y0RgAZoawoanS+NfGPMZO04r03cDNEyTILxmtU8zcouyKpdzg+qiCP/5Dg==
  dependencies:
    tslib "^2.3.1"
    typescript "^4.5.2"

"@sapphire/utilities@^3.1.0":
  version "3.1.0"
  resolved "https://registry.yarnpkg.com/@sapphire/utilities/-/utilities-3.1.0.tgz#50f18c8ae10535c4fde6b2c68c2a45262c45756f"
  integrity sha512-Vwsd567hZ1LPDh791r4DHwxlO1EzUefjYhNj+kwbliHWK2TVPhMvF5v1eZKtUCgdBmobqa8CBPwCwymHstuj5w==

"@sindresorhus/is@^4.2.0":
  version "4.2.0"
  resolved "https://registry.yarnpkg.com/@sindresorhus/is/-/is-4.2.0.tgz#667bfc6186ae7c9e0b45a08960c551437176e1ca"
  integrity sha512-VkE3KLBmJwcCaVARtQpfuKcKv8gcBmUubrfHGF84dXuuW6jgsRYxPtzcIhPyK9WAPpRt2/xY6zkD9MnRaJzSyw==

"@skyra/editable-commands@^2.1.2":
  version "2.1.2"
  resolved "https://registry.yarnpkg.com/@skyra/editable-commands/-/editable-commands-2.1.2.tgz#93ea2502d00d715d4b6095f7b136f3eb97efb1d1"
  integrity sha512-oS1fwZ/lIreqjw3V2fZthxxBWijAl+wZInExWjw1kC3eeF1ZKr/Sz9kqt554Aop9f7DjDtdV8vVqKbGl5iOx6A==

"@types/node-fetch@2.5.12", "@types/node-fetch@^2.5.12":
  version "2.5.12"
  resolved "https://registry.yarnpkg.com/@types/node-fetch/-/node-fetch-2.5.12.tgz#8a6f779b1d4e60b7a57fb6fd48d84fb545b9cc66"
  integrity sha512-MKgC4dlq4kKNa/mYrwpKfzQMB5X3ee5U6fSprkKpToBqBmX4nFZL9cW5jl6sWn+xpRJ7ypWh2yyqqr8UUCstSw==
  dependencies:
    "@types/node" "*"
    form-data "^3.0.0"

"@types/node@*", "@types/node@^17.0.5":
  version "17.0.5"
  resolved "https://registry.yarnpkg.com/@types/node/-/node-17.0.5.tgz#57ca67ec4e57ad9e4ef5a6bab48a15387a1c83e0"
  integrity sha512-w3mrvNXLeDYV1GKTZorGJQivK6XLCoGwpnyJFbJVK/aTBQUxOCaa/GlFAAN3OTDFcb7h5tiFG+YXCO2By+riZw==

"@types/psl@^1.1.0":
  version "1.1.0"
  resolved "https://registry.yarnpkg.com/@types/psl/-/psl-1.1.0.tgz#390c5df1613b166ce3c3eb9fda4d93dc3eeec7b5"
  integrity sha512-HhZnoLAvI2koev3czVPzBNRYvdrzJGLjQbWZhqFmS9Q6a0yumc5qtfSahBGb5g+6qWvA8iiQktqGkwoIXa/BNQ==

"@types/ws@^8.2.2":
  version "8.2.2"
  resolved "https://registry.yarnpkg.com/@types/ws/-/ws-8.2.2.tgz#7c5be4decb19500ae6b3d563043cd407bf366c21"
  integrity sha512-NOn5eIcgWLOo6qW8AcuLZ7G8PycXu0xTxxkS6Q18VWFxgPUSOwV0pBj2a/4viNZVu25i7RIB7GttdkAIUUXOOg==
  dependencies:
    "@types/node" "*"

asynckit@^0.4.0:
  version "0.4.0"
  resolved "https://registry.yarnpkg.com/asynckit/-/asynckit-0.4.0.tgz#c79ed97f7f34cb8f2ba1bc9790bcc366474b4b79"
  integrity sha1-x57Zf380y48robyXkLzDZkdLS3k=

colorette@^2.0.16:
  version "2.0.16"
  resolved "https://registry.yarnpkg.com/colorette/-/colorette-2.0.16.tgz#713b9af84fdb000139f04546bd4a93f62a5085da"
  integrity sha512-hUewv7oMjCp+wkBv5Rm0v87eJhq4woh5rSR+42YSQJKecCqgIqNkZ6lAlQms/BwHPJA5NKMRlpxPRv0n8HQW6g==

combined-stream@^1.0.8:
  version "1.0.8"
  resolved "https://registry.yarnpkg.com/combined-stream/-/combined-stream-1.0.8.tgz#c3d45a8b34fd730631a110a8a2520682b31d5a7f"
  integrity sha512-FQN4MRfuJeHf7cBbBMJFXhKSDq+2kAArBlmRBvcvFE5BB1HZKXtSFASDhdlz9zOYwxh8lDdnvmMOe/+5cdoEdg==
  dependencies:
    delayed-stream "~1.0.0"

delayed-stream@~1.0.0:
  version "1.0.0"
  resolved "https://registry.yarnpkg.com/delayed-stream/-/delayed-stream-1.0.0.tgz#df3ae199acadfb7d440aaae0b29e2272b24ec619"
  integrity sha1-3zrhmayt+31ECqrgsp4icrJOxhk=

discord-api-types@^0.25.2:
  version "0.25.2"
  resolved "https://registry.yarnpkg.com/discord-api-types/-/discord-api-types-0.25.2.tgz#e50ed152e6d48fe7963f5de1002ca6f2df57c61b"
  integrity sha512-O243LXxb5gLLxubu5zgoppYQuolapGVWPw3ll0acN0+O8TnPUE2kFp9Bt3sTRYodw8xFIknOVxjSeyWYBpVcEQ==

discord-hybrid-sharding@^1.3.7:
  version "1.3.7"
  resolved "https://registry.yarnpkg.com/discord-hybrid-sharding/-/discord-hybrid-sharding-1.3.7.tgz#c11727771016a5d0f1416e1122f2fc623e169a33"
  integrity sha512-+x+yaWeu0k1hIKXk48Rig/GMgt6bBPBIYyHS+scT+RNWHlAPps6RCP7UIP5VsuLtTMNKTy7k59/qhToVqluwHA==
  dependencies:
    node-fetch "^2.6.1"

discord.js@^13.4.0:
  version "13.4.0"
  resolved "https://registry.yarnpkg.com/discord.js/-/discord.js-13.4.0.tgz#04d0ddfa1b0b74f89a12dde706ada4b3dfba8504"
  integrity sha512-ELjfNsGxoihpefQWWEegpk0QBserxvuYJlZAiOY5L+LjpQD30ccNSfcbt7HHDiKJB8o9T5CmMAvA3wvzIWNpKg==
  dependencies:
    "@discordjs/builders" "^0.10.0"
    "@discordjs/collection" "^0.4.0"
    "@sapphire/async-queue" "^1.1.9"
    "@types/node-fetch" "^2.5.12"
    "@types/ws" "^8.2.2"
    discord-api-types "^0.25.2"
    form-data "^4.0.0"
    node-fetch "^2.6.1"
    ws "^8.4.0"

dotenv-cra@^3.0.2:
  version "3.0.2"
  resolved "https://registry.yarnpkg.com/dotenv-cra/-/dotenv-cra-3.0.2.tgz#ce1565aaa0bb21402f9e7f6f44c8f751ae35219c"
  integrity sha512-4SJ1L6tAzAmRgBw7k6B7XaP8ARV8nFvQb2pfLC8Tiudz27auSgkzPPvtfLmmSg6jzhHtsQ6c/USNlqLfWE7mfg==
  dependencies:
    dotenv "^10.0.0"
    dotenv-expand "^5.1.0"

dotenv-expand@^5.1.0:
  version "5.1.0"
  resolved "https://registry.yarnpkg.com/dotenv-expand/-/dotenv-expand-5.1.0.tgz#3fbaf020bfd794884072ea26b1e9791d45a629f0"
  integrity sha512-YXQl1DSa4/PQyRfgrv6aoNjhasp/p4qs9FjJ4q4cQk+8m4r6k4ZSiEyytKG8f8W9gi8WsQtIObNmKd+tMzNTmA==

dotenv@^10.0.0:
  version "10.0.0"
  resolved "https://registry.yarnpkg.com/dotenv/-/dotenv-10.0.0.tgz#3d4227b8fb95f81096cdd2b66653fb2c7085ba81"
  integrity sha512-rlBi9d8jpv9Sf1klPjNfFAuWDjKLwTIJJ/VxtoTwIR6hnZxcEOQCZg2oIL3MWBYw5GpUDKOEnND7LXTbIpQ03Q==

form-data@^3.0.0:
  version "3.0.1"
  resolved "https://registry.yarnpkg.com/form-data/-/form-data-3.0.1.tgz#ebd53791b78356a99af9a300d4282c4d5eb9755f"
  integrity sha512-RHkBKtLWUVwd7SqRIvCZMEvAMoGUp0XU+seQiZejj0COz3RI3hWP4sCv3gZWWLjJTd7rGwcsF5eKZGii0r/hbg==
  dependencies:
    asynckit "^0.4.0"
    combined-stream "^1.0.8"
    mime-types "^2.1.12"

form-data@^4.0.0:
  version "4.0.0"
  resolved "https://registry.yarnpkg.com/form-data/-/form-data-4.0.0.tgz#93919daeaf361ee529584b9b31664dc12c9fa452"
  integrity sha512-ETEklSGi5t0QMZuiXoA/Q6vcnxcLQP5vdugSpuAyi6SVGi2clPPp+xgEhuMaHC+zGgn31Kd235W35f7Hykkaww==
  dependencies:
    asynckit "^0.4.0"
    combined-stream "^1.0.8"
    mime-types "^2.1.12"

lexure@^0.17.0:
  version "0.17.0"
  resolved "https://registry.yarnpkg.com/lexure/-/lexure-0.17.0.tgz#95c26ee49dc3df5f28e2826b1647eb7569aab12a"
  integrity sha512-0L8GqFgPW36sLNqxdp2VOOef5Ajpb98kc0Zk4AzE+Yf0xYTDndcT1vpFqwkTdrCCw+FV8DH4mC9NUw0RlARThA==

mime-db@1.51.0:
  version "1.51.0"
  resolved "https://registry.yarnpkg.com/mime-db/-/mime-db-1.51.0.tgz#d9ff62451859b18342d960850dc3cfb77e63fb0c"
  integrity sha512-5y8A56jg7XVQx2mbv1lu49NR4dokRnhZYTtL+KGfaa27uq4pSTXkwQkFJl4pkRMyNFz/EtYDSkiiEHx3F7UN6g==

mime-types@^2.1.12:
  version "2.1.34"
  resolved "https://registry.yarnpkg.com/mime-types/-/mime-types-2.1.34.tgz#5a712f9ec1503511a945803640fafe09d3793c24"
  integrity sha512-6cP692WwGIs9XXdOO4++N+7qjqv0rqxxVvJ3VHPh/Sc9mVZcQP+ZGhkKiTvWMQRr2tbHkJP/Yn7Y0npb3ZBs4A==
  dependencies:
    mime-db "1.51.0"

node-fetch@2.6.6, node-fetch@^2.6.1:
  version "2.6.6"
  resolved "https://registry.yarnpkg.com/node-fetch/-/node-fetch-2.6.6.tgz#1751a7c01834e8e1697758732e9efb6eeadfaf89"
  integrity sha512-Z8/6vRlTUChSdIgMa51jxQ4lrw/Jy5SOW10ObaA47/RElsAN2c5Pn8bTgFGWn/ibwzXTE8qwr1Yzx28vsecXEA==
  dependencies:
    whatwg-url "^5.0.0"

psl@^1.8.0:
  version "1.8.0"
  resolved "https://registry.yarnpkg.com/psl/-/psl-1.8.0.tgz#9326f8bcfb013adcc005fdff056acce020e51c24"
  integrity sha512-RIdOzyoavK+hA18OGGWDqUTsCLhtA7IcZ/6NCs4fFJaHBDab+pDDmDIByWFRQJq2Cd7r1OoQxBGKOaztq+hjIQ==

reflect-metadata@^0.1.13:
  version "0.1.13"
  resolved "https://registry.yarnpkg.com/reflect-metadata/-/reflect-metadata-0.1.13.tgz#67ae3ca57c972a2aa1642b10fe363fe32d49dc08"
  integrity sha512-Ts1Y/anZELhSsjMcU605fU9RE4Oi3p5ORujwbIKXfWa+0Zxs510Qrmrce5/Jowq3cHSZSJqBjypxmHarc+vEWg==

tr46@~0.0.3:
  version "0.0.3"
  resolved "https://registry.yarnpkg.com/tr46/-/tr46-0.0.3.tgz#8184fd347dac9cdc185992f3a6622e14b9d9ab6a"
  integrity sha1-gYT9NH2snNwYWZLzpmIuFLnZq2o=

ts-mixer@^6.0.0:
  version "6.0.0"
  resolved "https://registry.yarnpkg.com/ts-mixer/-/ts-mixer-6.0.0.tgz#4e631d3a36e3fa9521b973b132e8353bc7267f9f"
  integrity sha512-nXIb1fvdY5CBSrDIblLn73NW0qRDk5yJ0Sk1qPBF560OdJfQp9jhl+0tzcY09OZ9U+6GpeoI9RjwoIKFIoB9MQ==

tslib@^2.3.1:
  version "2.3.1"
  resolved "https://registry.yarnpkg.com/tslib/-/tslib-2.3.1.tgz#e8a335add5ceae51aa261d32a490158ef042ef01"
  integrity sha512-77EbyPPpMz+FRFRuAFlWMtmgUWGe9UOG2Z25NqCwiIjRhOf5iKGuzSe5P2w1laq+FkRy4p+PCuVkJSGkzTEKVw==

twemoji-parser@^13.1.0:
  version "13.1.0"
  resolved "https://registry.yarnpkg.com/twemoji-parser/-/twemoji-parser-13.1.0.tgz#65e7e449c59258791b22ac0b37077349127e3ea4"
  integrity sha512-AQOzLJpYlpWMy8n+0ATyKKZzWlZBJN+G0C+5lhX7Ftc2PeEVdUU/7ns2Pn2vVje26AIZ/OHwFoUbdv6YYD/wGg==

typescript@^4.5.2, typescript@^4.5.4:
  version "4.5.4"
  resolved "https://registry.yarnpkg.com/typescript/-/typescript-4.5.4.tgz#a17d3a0263bf5c8723b9c52f43c5084edf13c2e8"
  integrity sha512-VgYs2A2QIRuGphtzFV7aQJduJ2gyfTljngLzjpfW9FoYZF6xuw1W0vW9ghCKLfcWrCFxK81CSGRAvS1pn4fIUg==

webidl-conversions@^3.0.0:
  version "3.0.1"
  resolved "https://registry.yarnpkg.com/webidl-conversions/-/webidl-conversions-3.0.1.tgz#24534275e2a7bc6be7bc86611cc16ae0a5654871"
  integrity sha1-JFNCdeKnvGvnvIZhHMFq4KVlSHE=

whatwg-url@^5.0.0:
  version "5.0.0"
  resolved "https://registry.yarnpkg.com/whatwg-url/-/whatwg-url-5.0.0.tgz#966454e8765462e37644d3626f6742ce8b70965d"
  integrity sha1-lmRU6HZUYuN2RNNib2dCzotwll0=
  dependencies:
    tr46 "~0.0.3"
    webidl-conversions "^3.0.0"

ws@^8.4.0:
  version "8.4.0"
  resolved "https://registry.yarnpkg.com/ws/-/ws-8.4.0.tgz#f05e982a0a88c604080e8581576e2a063802bed6"
  integrity sha512-IHVsKe2pjajSUIl4KYMQOdlyliovpEPquKkqbwswulszzI7r0SfQrxnXdWAEqOlDCLrVSJzo+O1hAwdog2sKSQ==

zod@^3.11.6:
  version "3.11.6"
  resolved "https://registry.yarnpkg.com/zod/-/zod-3.11.6.tgz#e43a5e0c213ae2e02aefe7cb2b1a6fa3d7f1f483"
  integrity sha512-daZ80A81I3/9lIydI44motWe6n59kRBfNzTuS2bfzVh1nAXi667TOTWWtatxyG+fwgNUiagSj/CWZwRRbevJIg==
